<Solution>
  <Project Path="OrbitSpace.Application\OrbitSpace.Application.csproj" Type="Classic C#" />
  <Project Path="OrbitSpace.Domain/OrbitSpace.Domain.csproj" />
  <Project Path="OrbitSpace.Infrastructure/OrbitSpace.Infrastructure.csproj" />
  <Project Path="OrbitSpace/OrbitSpace.WebApi.csproj" />
</Solution>